
Microsoft Visual Studio Solution File, Format Version 12.00
# Visual Studio Version 17
VisualStudioVersion = 17.11.35431.28
MinimumVisualStudioVersion = 10.0.40219.1
Project("{8BC9CEB8-8B4A-11D0-8D11-00A0C91BC942}") = "Task4", "Task4.vcxproj", "{FDB532F4-EA4F-46E1-BDF9-81183A34CBEA}"
EndProject
Global
	GlobalSection(SolutionConfigurationPlatforms) = preSolution
		Debug|x64 = Debug|x64
		Debug|x86 = Debug|x86
		Release|x64 = Release|x64
		Release|x86 = Release|x86
	EndGlobalSection
	GlobalSection(ProjectConfigurationPlatforms) = postSolution
		{FDB532F4-EA4F-46E1-BDF9-81183A34CBEA}.Debug|x64.ActiveCfg = Debug|x64
		{FDB532F4-EA4F-46E1-BDF9-81183A34CBEA}.Debug|x64.Build.0 = Debug|x64
		{FDB532F4-EA4F-46E1-BDF9-81183A34CBEA}.Debug|x86.ActiveCfg = Debug|Win32
		{FDB532F4-EA4F-46E1-BDF9-81183A34CBEA}.Debug|x86.Build.0 = Debug|Win32
		{FDB532F4-EA4F-46E1-BDF9-81183A34CBEA}.Release|x64.ActiveCfg = Release|x64
		{FDB532F4-EA4F-46E1-BDF9-81183A34CBEA}.Release|x64.Build.0 = Release|x64
		{FDB532F4-EA4F-46E1-BDF9-81183A34CBEA}.Release|x86.ActiveCfg = Release|Win32
		{FDB532F4-EA4F-46E1-BDF9-81183A34CBEA}.Release|x86.Build.0 = Release|Win32
	EndGlobalSection
	GlobalSection(SolutionProperties) = preSolution
		HideSolutionNode = FALSE
	EndGlobalSection
	GlobalSection(ExtensibilityGlobals) = postSolution
		SolutionGuid = {8E17EE2A-FBB4-4FD4-9A38-04E9215E1685}
	EndGlobalSection
EndGlobal
